
Microsoft Visual Studio Solution File, Format Version 12.00
# Visual Studio Version 17
VisualStudioVersion = 17.8.34316.72
MinimumVisualStudioVersion = 10.0.40219.1
Project("{FAE04EC0-301F-11D3-BF4B-00C04F79EFBC}") = "AT1Dip", "AT1Dip.csproj", "{838C692B-601B-405D-AC39-41148F9B592C}"
EndProject
Global
	GlobalSection(SolutionConfigurationPlatforms) = preSolution
		Debug|Any CPU = Debug|Any CPU
		Release|Any CPU = Release|Any CPU
	EndGlobalSection
	GlobalSection(ProjectConfigurationPlatforms) = postSolution
		{838C692B-601B-405D-AC39-41148F9B592C}.Debug|Any CPU.ActiveCfg = Debug|Any CPU
		{838C692B-601B-405D-AC39-41148F9B592C}.Debug|Any CPU.Build.0 = Debug|Any CPU
		{838C692B-601B-405D-AC39-41148F9B592C}.Release|Any CPU.ActiveCfg = Release|Any CPU
		{838C692B-601B-405D-AC39-41148F9B592C}.Release|Any CPU.Build.0 = Release|Any CPU
	EndGlobalSection
	GlobalSection(SolutionProperties) = preSolution
		HideSolutionNode = FALSE
	EndGlobalSection
	GlobalSection(ExtensibilityGlobals) = postSolution
		SolutionGuid = {37943573-6E68-44A7-99E3-BA2B2E10D336}
	EndGlobalSection
EndGlobal
